lockfileVersion: '9.0'

settings:
  autoInstallPeers: true
  excludeLinksFromLockfile: false

importers:

  .:
    devDependencies:
      zenn-cli:
        specifier: 0.2.7
        version: 0.2.7

packages:

  zenn-cli@0.2.7:
    resolution: {integrity: sha512-IUR1RSUHOPpVoT5IBmINZQrbzpHwHYmmlnCnOjsqFt6tUpgNJFxMc91iUpeqrIbhvHQ5AAsy+TqXEEsMhs3dlA==}
    engines: {node: '>=22.0.0'}
    hasBin: true

snapshots:

  zenn-cli@0.2.7: {}
