lockfileVersion: '9.0'

settings:
  autoInstallPeers: true
  excludeLinksFromLockfile: false

importers:

  .:
    devDependencies:
      zenn-cli:
        specifier: 0.2.5
        version: 0.2.5

packages:

  zenn-cli@0.2.5:
    resolution: {integrity: sha512-DkVcFbpmuXIKMs2pqBigj/uIYwg0M7H8lP5I5GqLil2pDVO3sTvR9PlxFPIs+x8WIyj4LTfNN/beGzLr4jiKJw==}
    engines: {node: '>=22.0.0'}
    hasBin: true

snapshots:

  zenn-cli@0.2.5: {}
