lockfileVersion: '9.0'

settings:
  autoInstallPeers: true
  excludeLinksFromLockfile: false

importers:

  .:
    devDependencies:
      zenn-cli:
        specifier: 0.2.4
        version: 0.2.4

packages:

  zenn-cli@0.2.4:
    resolution: {integrity: sha512-TnKSyYw5Ykh/Y9nRElfJ+Eo0hKFjcPNAuX7ymJLwD6ZuFTKzYeJFnXjxJjTWEnZOcXwhfZf4nt/UGvS7wz6Y4A==}
    engines: {node: '>=22.0.0'}
    hasBin: true

snapshots:

  zenn-cli@0.2.4: {}
