# THIS IS AN AUTOGENERATED FILE. DO NOT EDIT THIS FILE DIRECTLY.
# yarn lockfile v1


zenn-cli@0.1.127:
  version "0.1.127"
  resolved "https://registry.yarnpkg.com/zenn-cli/-/zenn-cli-0.1.127.tgz#ad31cdf3313e1592f1b2cbe074fcf0b594bf1136"
  integrity sha512-6xGvy6A+9Mai1OPYTTS3thDy6gMlRok20MIdILLvSx5ZCbU8sx6n/lwlYtD1hRmwrLmoZwFMMyNizRgdFtrJBA==
