# THIS IS AN AUTOGENERATED FILE. DO NOT EDIT THIS FILE DIRECTLY.
# yarn lockfile v1


zenn-cli@0.1.118:
  version "0.1.118"
  resolved "https://registry.yarnpkg.com/zenn-cli/-/zenn-cli-0.1.118.tgz#a646af540a2030abc199142490e954f6e4ab49b4"
  integrity sha512-GAYUni3dzYz7EKmMF78zBA7gJPqYGWobLa03wIwcdZDF7p5ynB/nlw4dYxfzqADmD4aLxJuStjxoaonnwvVEAA==
