# THIS IS AN AUTOGENERATED FILE. DO NOT EDIT THIS FILE DIRECTLY.
# yarn lockfile v1


zenn-cli@0.1.120:
  version "0.1.120"
  resolved "https://registry.yarnpkg.com/zenn-cli/-/zenn-cli-0.1.120.tgz#a30b530691e843c1ecda90d1bbc66270341c3bff"
  integrity sha512-K3Dh1/vhEwPbUx5fOFTuAFv/rSnsqA/6HLt6+kZw2xnT/40BJzYPW3l59Fzf3xrGlrs8mBgi9Da0Mnlo+RLH9w==
